{
  "name": "countup.js-angular2",
  "version": "6.2.0",
  "lockfileVersion": 1,
  "requires": true,
  "dependencies": {
    "countup.js": {
      "version": "2.0.1",
      "resolved": "https://registry.npmjs.org/countup.js/-/countup.js-2.0.1.tgz",
      "integrity": "sha512-w1ERdwIFwP4grbAGf77vDjacw0HqvkXIa+0Qdew1OV+XXJpu40eqUDcBZcCjKlHFvt0/dHBa8c+tCCASi8LKJg=="
    }
  }
}
