{
  "name": "ngx-countup",
  "version": "7.3.1",
  "lockfileVersion": 1,
  "requires": true,
  "dependencies": {
    "countup.js": {
      "version": "2.0.6",
      "resolved": "https://registry.npmjs.org/countup.js/-/countup.js-2.0.6.tgz",
      "integrity": "sha512-pcOaDNjW8dz3V5hCZTIwQpRDGm6tdxz0BRbcKEgCAr+j6jbJcdDdnumr4DpCSjhih7s1m/cWYZNC5MuFeSflFA=="
    }
  }
}
