# THIS IS AN AUTOGENERATED FILE. DO NOT EDIT THIS FILE DIRECTLY.
# yarn lockfile v1


countup.js@^2.3.2:
  version "2.9.0"
  resolved "https://registry.yarnpkg.com/countup.js/-/countup.js-2.9.0.tgz#599e6482e502e5e3f00f8816637120c9b21856ed"

tslib@^2.0.0:
  version "2.5.0"
  resolved "https://registry.npmjs.org/tslib/-/tslib-2.5.0.tgz"
